
Microsoft Visual Studio Solution File, Format Version 12.00
# Visual Studio Version 17
VisualStudioVersion = 17.12.35527.113 d17.12
MinimumVisualStudioVersion = 10.0.40219.1
Project("{2150E333-8FDC-42A3-9474-1A3956D46DE8}") = "src", "src", "{61D403A5-60C1-44AA-80B8-4FE84D610C51}"
EndProject
Project("{2150E333-8FDC-42A3-9474-1A3956D46DE8}") = "BehavioralPatterns", "BehavioralPatterns", "{558AAA69-501A-4283-A93F-4214D388657F}"
EndProject
Project("{FAE04EC0-301F-11D3-BF4B-00C04F79EFBC}") = "ObserverPattern", "src\BehavioralPatterns\ObserverPattern\ObserverPattern.csproj", "{3546FB3B-82FE-4583-BE93-4D9697F87E6D}"
EndProject
Project("{FAE04EC0-301F-11D3-BF4B-00C04F79EFBC}") = "StrategyPattern", "src\BehavioralPatterns\StrategyPattern\StrategyPattern.csproj", "{344EA4DE-53C2-44A5-A1B3-5FEED67EA763}"
EndProject
Global
	GlobalSection(SolutionConfigurationPlatforms) = preSolution
		Debug|Any CPU = Debug|Any CPU
		Release|Any CPU = Release|Any CPU
	EndGlobalSection
	GlobalSection(ProjectConfigurationPlatforms) = postSolution
		{3546FB3B-82FE-4583-BE93-4D9697F87E6D}.Debug|Any CPU.ActiveCfg = Debug|Any CPU
		{3546FB3B-82FE-4583-BE93-4D9697F87E6D}.Debug|Any CPU.Build.0 = Debug|Any CPU
		{3546FB3B-82FE-4583-BE93-4D9697F87E6D}.Release|Any CPU.ActiveCfg = Release|Any CPU
		{3546FB3B-82FE-4583-BE93-4D9697F87E6D}.Release|Any CPU.Build.0 = Release|Any CPU
		{344EA4DE-53C2-44A5-A1B3-5FEED67EA763}.Debug|Any CPU.ActiveCfg = Debug|Any CPU
		{344EA4DE-53C2-44A5-A1B3-5FEED67EA763}.Debug|Any CPU.Build.0 = Debug|Any CPU
		{344EA4DE-53C2-44A5-A1B3-5FEED67EA763}.Release|Any CPU.ActiveCfg = Release|Any CPU
		{344EA4DE-53C2-44A5-A1B3-5FEED67EA763}.Release|Any CPU.Build.0 = Release|Any CPU
	EndGlobalSection
	GlobalSection(SolutionProperties) = preSolution
		HideSolutionNode = FALSE
	EndGlobalSection
	GlobalSection(NestedProjects) = preSolution
		{558AAA69-501A-4283-A93F-4214D388657F} = {61D403A5-60C1-44AA-80B8-4FE84D610C51}
		{3546FB3B-82FE-4583-BE93-4D9697F87E6D} = {558AAA69-501A-4283-A93F-4214D388657F}
		{344EA4DE-53C2-44A5-A1B3-5FEED67EA763} = {558AAA69-501A-4283-A93F-4214D388657F}
	EndGlobalSection
EndGlobal
